
Microsoft Visual Studio Solution File, Format Version 12.00
# Visual Studio Version 17
VisualStudioVersion = 17.1.32328.378
MinimumVisualStudioVersion = 10.0.40219.1
Project("{8BC9CEB8-8B4A-11D0-8D11-00A0C91BC942}") = "examples-ws22", "src\examples-ws22\examples-ws22.vcxproj", "{7E6258A0-283E-4800-9B9F-413D0B29FD95}"
EndProject
Project("{8BC9CEB8-8B4A-11D0-8D11-00A0C91BC942}") = "c-tests", "src\c-tests\c-tests.vcxproj", "{562F5A8D-3533-42AA-B685-061C47BBAE57}"
EndProject
Global
	GlobalSection(SolutionConfigurationPlatforms) = preSolution
		Debug|x64 = Debug|x64
		Release|x64 = Release|x64
	EndGlobalSection
	GlobalSection(ProjectConfigurationPlatforms) = postSolution
		{7E6258A0-283E-4800-9B9F-413D0B29FD95}.Debug|x64.ActiveCfg = Debug|x64
		{7E6258A0-283E-4800-9B9F-413D0B29FD95}.Debug|x64.Build.0 = Debug|x64
		{7E6258A0-283E-4800-9B9F-413D0B29FD95}.Release|x64.ActiveCfg = Release|x64
		{7E6258A0-283E-4800-9B9F-413D0B29FD95}.Release|x64.Build.0 = Release|x64
		{562F5A8D-3533-42AA-B685-061C47BBAE57}.Debug|x64.ActiveCfg = Debug|x64
		{562F5A8D-3533-42AA-B685-061C47BBAE57}.Debug|x64.Build.0 = Debug|x64
		{562F5A8D-3533-42AA-B685-061C47BBAE57}.Release|x64.ActiveCfg = Release|x64
		{562F5A8D-3533-42AA-B685-061C47BBAE57}.Release|x64.Build.0 = Release|x64
	EndGlobalSection
	GlobalSection(SolutionProperties) = preSolution
		HideSolutionNode = FALSE
	EndGlobalSection
	GlobalSection(ExtensibilityGlobals) = postSolution
		SolutionGuid = {6103649C-A58F-4975-8FA7-1061E2047E9E}
	EndGlobalSection
EndGlobal
